
Microsoft Visual Studio Solution File, Format Version 12.00
# Visual Studio Version 17
VisualStudioVersion = 17.1.32421.90
MinimumVisualStudioVersion = 10.0.40219.1
Project("{FAE04EC0-301F-11D3-BF4B-00C04F79EFBC}") = "ToDoList", "ToDoList.csproj", "{4E60A78D-5CE5-4EE8-9ACE-6A62ABDACB0B}"
EndProject
Global
	GlobalSection(SolutionConfigurationPlatforms) = preSolution
		Debug|Any CPU = Debug|Any CPU
		Release|Any CPU = Release|Any CPU
	EndGlobalSection
	GlobalSection(ProjectConfigurationPlatforms) = postSolution
		{4E60A78D-5CE5-4EE8-9ACE-6A62ABDACB0B}.Debug|Any CPU.ActiveCfg = Debug|Any CPU
		{4E60A78D-5CE5-4EE8-9ACE-6A62ABDACB0B}.Debug|Any CPU.Build.0 = Debug|Any CPU
		{4E60A78D-5CE5-4EE8-9ACE-6A62ABDACB0B}.Release|Any CPU.ActiveCfg = Release|Any CPU
		{4E60A78D-5CE5-4EE8-9ACE-6A62ABDACB0B}.Release|Any CPU.Build.0 = Release|Any CPU
	EndGlobalSection
	GlobalSection(SolutionProperties) = preSolution
		HideSolutionNode = FALSE
	EndGlobalSection
	GlobalSection(ExtensibilityGlobals) = postSolution
		SolutionGuid = {5ADCFE02-8A7C-4693-A3F9-827DC416CE80}
	EndGlobalSection
EndGlobal
